
Microsoft Visual Studio Solution File, Format Version 12.00
# Visual Studio Version 16
VisualStudioVersion = 16.0.30517.126
MinimumVisualStudioVersion = 10.0.40219.1
Project("{FAE04EC0-301F-11D3-BF4B-00C04F79EFBC}") = "CRUDinMemory", "CRUDinMemory\CRUDinMemory.csproj", "{7CCC7A20-81C0-4A41-A66F-88ABA29B002B}"
EndProject
Global
	GlobalSection(SolutionConfigurationPlatforms) = preSolution
		Debug|Any CPU = Debug|Any CPU
		Release|Any CPU = Release|Any CPU
	EndGlobalSection
	GlobalSection(ProjectConfigurationPlatforms) = postSolution
		{7CCC7A20-81C0-4A41-A66F-88ABA29B002B}.Debug|Any CPU.ActiveCfg = Debug|Any CPU
		{7CCC7A20-81C0-4A41-A66F-88ABA29B002B}.Debug|Any CPU.Build.0 = Debug|Any CPU
		{7CCC7A20-81C0-4A41-A66F-88ABA29B002B}.Release|Any CPU.ActiveCfg = Release|Any CPU
		{7CCC7A20-81C0-4A41-A66F-88ABA29B002B}.Release|Any CPU.Build.0 = Release|Any CPU
	EndGlobalSection
	GlobalSection(SolutionProperties) = preSolution
		HideSolutionNode = FALSE
	EndGlobalSection
	GlobalSection(ExtensibilityGlobals) = postSolution
		SolutionGuid = {0365907E-9F91-4894-B768-F4F8EF1DC2CE}
	EndGlobalSection
EndGlobal
